# This file is autogenerated, do not edit; changes may be undone by the next 'dep ensure'.


[[projects]]
  name = "github.com/go-logr/logr"
  packages = ["."]
  revision = "d18fcbf02861580d05a1f23601145b272c4e7b4b"
  version = "v0.2.0"

[[projects]]
  name = "github.com/gogo/protobuf"
  packages = ["proto","sortkeys"]
  revision = "5628607bb4c51c3157aacc3a50f0ab707582b805"
  version = "v1.3.1"

[[projects]]
  name = "github.com/google/gofuzz"
  packages = ["."]
  revision = "db92cf7ae75e4a7a28abc005addab2b394362888"
  version = "v1.1.0"

[[projects]]
  name = "github.com/gorilla/mux"
  packages = ["."]
  revision = "75dcda0896e109a2a22c9315bca3bb21b87b2ba5"
  version = "v1.7.4"

[[projects]]
  branch = "master"
  name = "golang.org/x/net"
  packages = ["http/httpguts","http2","http2/hpack","idna"]
  revision = "4c5254603344ea4a8ae4bed7e296a9588303e14f"

[[projects]]
  name = "golang.org/x/text"
  packages = ["collate","collate/build","internal/colltab","internal/gen","internal/language","internal/language/compact","internal/tag","internal/triegen","internal/ucd","language","secure/bidirule","transform","unicode/bidi","unicode/cldr","unicode/norm","unicode/rangetable"]
  revision = "23ae387dee1f90d29a23c0e87ee0b46038fbed0e"
  version = "v0.3.3"

[[projects]]
  name = "gopkg.in/inf.v0"
  packages = ["."]
  revision = "d2d2541c53f18d2a059457998ce2876cc8e67cbf"
  version = "v0.9.1"

[[projects]]
  name = "k8s.io/api"
  packages = ["core/v1"]
  revision = "acc6676ee074988cfc59707ef5df1cd551ea43b7"
  version = "v0.18.4"

[[projects]]
  name = "k8s.io/apimachinery"
  packages = ["pkg/api/resource","pkg/apis/meta/v1","pkg/conversion","pkg/conversion/queryparams","pkg/fields","pkg/labels","pkg/runtime","pkg/runtime/schema","pkg/selection","pkg/types","pkg/util/errors","pkg/util/intstr","pkg/util/json","pkg/util/naming","pkg/util/net","pkg/util/runtime","pkg/util/sets","pkg/util/validation","pkg/util/validation/field","pkg/watch","third_party/forked/golang/reflect"]
  revision = "f6abbbcb110a32998a4d2432ce9723f19461ddae"
  version = "v0.17.7"

[[projects]]
  name = "k8s.io/klog"
  packages = ["."]
  revision = "d738e55e1450a3219a8c244003042ba290711105"
  version = "v2.2.0"

[solve-meta]
  analyzer-name = "dep"
  analyzer-version = 1
  inputs-digest = "ab6850df3da05d032c6ed66c7f62b8865af10d743b6b3d0ca800ae75c48e0937"
  solver-name = "gps-cdcl"
  solver-version = 1
